
Microsoft Visual Studio Solution File, Format Version 12.00
# Visual Studio Version 16
VisualStudioVersion = 16.0.30330.147
MinimumVisualStudioVersion = 10.0.40219.1
Project("{9A19103F-16F7-4668-BE54-9A1E7A4F7556}") = "CalendarWebApp", "CalendarWebApp\CalendarWebApp.csproj", "{C8716CC4-27D4-4AC5-8DEC-244F5C6F31F4}"
EndProject
Project("{2150E333-8FDC-42A3-9474-1A3956D46DE8}") = "CalendarAppCore", "CalendarAppCore", "{0AF428A3-456A-4EB3-AB74-4FEDD718E787}"
EndProject
Project("{2150E333-8FDC-42A3-9474-1A3956D46DE8}") = "CalendarAppData", "CalendarAppData", "{C2DB3A7D-0533-404A-ADF2-F8D76D1BCF9D}"
EndProject
Project("{2150E333-8FDC-42A3-9474-1A3956D46DE8}") = "CalendarAppLogic", "CalendarAppLogic", "{7E18AB0F-2327-448B-B321-3E5FC5A1789F}"
EndProject
Project("{2150E333-8FDC-42A3-9474-1A3956D46DE8}") = "CalendarAppIdentity", "CalendarAppIdentity", "{847AAAF7-1411-436D-AB47-B418FE8C203A}"
EndProject
Project("{2150E333-8FDC-42A3-9474-1A3956D46DE8}") = "ApplicationBlock", "ApplicationBlock", "{59574A8B-E041-4684-99EB-1DBDBC59989D}"
EndProject
Project("{2150E333-8FDC-42A3-9474-1A3956D46DE8}") = "AuthBlock", "AuthBlock", "{F535DFA8-FD03-4F1B-B77E-A4436A503E99}"
EndProject
Project("{FAE04EC0-301F-11D3-BF4B-00C04F79EFBC}") = "App.Data", "App.Data\App.Data.csproj", "{EEC1FA06-EF1F-43B1-9D95-0BB498C11033}"
EndProject
Project("{FAE04EC0-301F-11D3-BF4B-00C04F79EFBC}") = "App.Logic", "App.Logic\App.Logic.csproj", "{1A040369-740B-4510-828A-7E946682A6D2}"
EndProject
Project("{FAE04EC0-301F-11D3-BF4B-00C04F79EFBC}") = "App.IdentityStage", "App.IdentityStage\App.IdentityStage.csproj", "{9FE73AFA-9E3D-44AC-9618-6279AC46FCC7}"
EndProject
Global
	GlobalSection(SolutionConfigurationPlatforms) = preSolution
		Debug|Any CPU = Debug|Any CPU
		Release|Any CPU = Release|Any CPU
	EndGlobalSection
	GlobalSection(ProjectConfigurationPlatforms) = postSolution
		{C8716CC4-27D4-4AC5-8DEC-244F5C6F31F4}.Debug|Any CPU.ActiveCfg = Debug|Any CPU
		{C8716CC4-27D4-4AC5-8DEC-244F5C6F31F4}.Debug|Any CPU.Build.0 = Debug|Any CPU
		{C8716CC4-27D4-4AC5-8DEC-244F5C6F31F4}.Release|Any CPU.ActiveCfg = Release|Any CPU
		{C8716CC4-27D4-4AC5-8DEC-244F5C6F31F4}.Release|Any CPU.Build.0 = Release|Any CPU
		{EEC1FA06-EF1F-43B1-9D95-0BB498C11033}.Debug|Any CPU.ActiveCfg = Debug|Any CPU
		{EEC1FA06-EF1F-43B1-9D95-0BB498C11033}.Debug|Any CPU.Build.0 = Debug|Any CPU
		{EEC1FA06-EF1F-43B1-9D95-0BB498C11033}.Release|Any CPU.ActiveCfg = Release|Any CPU
		{EEC1FA06-EF1F-43B1-9D95-0BB498C11033}.Release|Any CPU.Build.0 = Release|Any CPU
		{1A040369-740B-4510-828A-7E946682A6D2}.Debug|Any CPU.ActiveCfg = Debug|Any CPU
		{1A040369-740B-4510-828A-7E946682A6D2}.Debug|Any CPU.Build.0 = Debug|Any CPU
		{1A040369-740B-4510-828A-7E946682A6D2}.Release|Any CPU.ActiveCfg = Release|Any CPU
		{1A040369-740B-4510-828A-7E946682A6D2}.Release|Any CPU.Build.0 = Release|Any CPU
		{9FE73AFA-9E3D-44AC-9618-6279AC46FCC7}.Debug|Any CPU.ActiveCfg = Debug|Any CPU
		{9FE73AFA-9E3D-44AC-9618-6279AC46FCC7}.Debug|Any CPU.Build.0 = Debug|Any CPU
		{9FE73AFA-9E3D-44AC-9618-6279AC46FCC7}.Release|Any CPU.ActiveCfg = Release|Any CPU
		{9FE73AFA-9E3D-44AC-9618-6279AC46FCC7}.Release|Any CPU.Build.0 = Release|Any CPU
	EndGlobalSection
	GlobalSection(SolutionProperties) = preSolution
		HideSolutionNode = FALSE
	EndGlobalSection
	GlobalSection(NestedProjects) = preSolution
		{C8716CC4-27D4-4AC5-8DEC-244F5C6F31F4} = {0AF428A3-456A-4EB3-AB74-4FEDD718E787}
		{0AF428A3-456A-4EB3-AB74-4FEDD718E787} = {59574A8B-E041-4684-99EB-1DBDBC59989D}
		{C2DB3A7D-0533-404A-ADF2-F8D76D1BCF9D} = {59574A8B-E041-4684-99EB-1DBDBC59989D}
		{7E18AB0F-2327-448B-B321-3E5FC5A1789F} = {59574A8B-E041-4684-99EB-1DBDBC59989D}
		{847AAAF7-1411-436D-AB47-B418FE8C203A} = {F535DFA8-FD03-4F1B-B77E-A4436A503E99}
		{EEC1FA06-EF1F-43B1-9D95-0BB498C11033} = {C2DB3A7D-0533-404A-ADF2-F8D76D1BCF9D}
		{1A040369-740B-4510-828A-7E946682A6D2} = {7E18AB0F-2327-448B-B321-3E5FC5A1789F}
		{9FE73AFA-9E3D-44AC-9618-6279AC46FCC7} = {847AAAF7-1411-436D-AB47-B418FE8C203A}
	EndGlobalSection
	GlobalSection(ExtensibilityGlobals) = postSolution
		SolutionGuid = {16692659-0FD2-4E05-8815-93C1D3804DB1}
	EndGlobalSection
EndGlobal
